
Microsoft Visual Studio Solution File, Format Version 12.00
# Visual Studio Version 17
VisualStudioVersion = 17.11.35222.181
MinimumVisualStudioVersion = 10.0.40219.1
Project("{FAE04EC0-301F-11D3-BF4B-00C04F79EFBC}") = "Sistema de inventarios y Pagos.", "..\Sistema de inventarios y Pagos\Sistema de inventarios y Pagos\Sistema de inventarios y Pagos..csproj", "{FD6154FF-71FE-4B7C-B53A-F0F8686BAB4A}"
EndProject
Global
	GlobalSection(SolutionConfigurationPlatforms) = preSolution
		Debug|Any CPU = Debug|Any CPU
		Release|Any CPU = Release|Any CPU
	EndGlobalSection
	GlobalSection(ProjectConfigurationPlatforms) = postSolution
		{FD6154FF-71FE-4B7C-B53A-F0F8686BAB4A}.Debug|Any CPU.ActiveCfg = Debug|Any CPU
		{FD6154FF-71FE-4B7C-B53A-F0F8686BAB4A}.Debug|Any CPU.Build.0 = Debug|Any CPU
		{FD6154FF-71FE-4B7C-B53A-F0F8686BAB4A}.Release|Any CPU.ActiveCfg = Release|Any CPU
		{FD6154FF-71FE-4B7C-B53A-F0F8686BAB4A}.Release|Any CPU.Build.0 = Release|Any CPU
	EndGlobalSection
	GlobalSection(SolutionProperties) = preSolution
		HideSolutionNode = FALSE
	EndGlobalSection
	GlobalSection(ExtensibilityGlobals) = postSolution
		SolutionGuid = {8EC97F5D-80C2-42DF-9B04-CB8E1BE55BAA}
	EndGlobalSection
EndGlobal
